github.com/visvasity/kv v0.0.0-20250421222721-5b8b3d3bb661 h1:akHTExFdNbDPNyVWfmmIfSuTFqciHqzfL+oNMPEz15A=
github.com/visvasity/kv v0.0.0-20250421222721-5b8b3d3bb661/go.mod h1:CZqPYUOKOBKISPpVXqWdRQJQqxRT3n9//U9PULXfpbY=
github.com/visvasity/kv v0.0.0-20250504050644-520be992be3c h1:Q9j2mICQunsMoNTJ4DGjq7E7Edy/zMQGPQcZ3k3/VT0=
github.com/visvasity/kv v0.0.0-20250504050644-520be992be3c/go.mod h1:CZqPYUOKOBKISPpVXqWdRQJQqxRT3n9//U9PULXfpbY=
github.com/visvasity/kv v0.0.0-20250507124622-6d2db50b9917 h1:WMMZyKM7JDiEJpZVouk6H2vMhrSFOag1yijtBZKl7B0=
github.com/visvasity/kv v0.0.0-20250507124622-6d2db50b9917/go.mod h1:CZqPYUOKOBKISPpVXqWdRQJQqxRT3n9//U9PULXfpbY=
github.com/visvasity/kv v0.0.0-20250508033112-397c38338d68 h1:kIdzttqkI1oMKg5W9GJxMijLuhs23YECNQ+Ym4ZKNvQ=
github.com/visvasity/kv v0.0.0-20250508033112-397c38338d68/go.mod h1:CZqPYUOKOBKISPpVXqWdRQJQqxRT3n9//U9PULXfpbY=
github.com/visvasity/syncmap v0.0.0-20241218025521-5599e6c230a7 h1:r8HaTmvUhdi4TTwcESTguWUHzujRFyMI/bUvWfSoF8Q=
github.com/visvasity/syncmap v0.0.0-20241218025521-5599e6c230a7/go.mod h1:SMJL78NBYF7GlGIPYUrV2vdmuIbtxJBBCE7NWT35FMc=
