github.com/visvasity/kv v0.0.0-20250824163035-09b2b67d839f h1:XcDZpgt0tLcmHA2tW2Wu6+HEiX9HDvaNn73WQjh1Y+I=
github.com/visvasity/kv v0.0.0-20250824163035-09b2b67d839f/go.mod h1:CZqPYUOKOBKISPpVXqWdRQJQqxRT3n9//U9PULXfpbY=
github.com/visvasity/syncmap v0.0.0-20241218025521-5599e6c230a7 h1:r8HaTmvUhdi4TTwcESTguWUHzujRFyMI/bUvWfSoF8Q=
github.com/visvasity/syncmap v0.0.0-20241218025521-5599e6c230a7/go.mod h1:SMJL78NBYF7GlGIPYUrV2vdmuIbtxJBBCE7NWT35FMc=
